
Microsoft Visual Studio Solution File, Format Version 12.00
# Visual Studio 15
VisualStudioVersion = 15.0.26228.4
MinimumVisualStudioVersion = 10.0.40219.1
Project("{FAE04EC0-301F-11D3-BF4B-00C04F79EFBC}") = "AVA.UI.Helpers", "AVA.UI.Helpers.csproj", "{40AA6DEF-E659-4596-9D79-C998F51D8766}"
EndProject
Global
	GlobalSection(SolutionConfigurationPlatforms) = preSolution
		Debug|Any CPU = Debug|Any CPU
		Release|Any CPU = Release|Any CPU
	EndGlobalSection
	GlobalSection(ProjectConfigurationPlatforms) = postSolution
		{40AA6DEF-E659-4596-9D79-C998F51D8766}.Debug|Any CPU.ActiveCfg = Debug|Any CPU
		{40AA6DEF-E659-4596-9D79-C998F51D8766}.Debug|Any CPU.Build.0 = Debug|Any CPU
		{40AA6DEF-E659-4596-9D79-C998F51D8766}.Release|Any CPU.ActiveCfg = Release|Any CPU
		{40AA6DEF-E659-4596-9D79-C998F51D8766}.Release|Any CPU.Build.0 = Release|Any CPU
	EndGlobalSection
	GlobalSection(SolutionProperties) = preSolution
		HideSolutionNode = FALSE
	EndGlobalSection
	GlobalSection(TeamFoundationVersionControl) = preSolution
		SccNumberOfProjects = 1
		SccEnterpriseProvider = {4CA58AB2-18FA-4F8D-95D4-32DDF27D184C}
		SccTeamFoundationServer = https://akhound.visualstudio.com/
		SccProjectUniqueName0 = AVA.UI.Helpers.csproj
		SccProjectName0 = .
		SccAuxPath0 = https://akhound.visualstudio.com
		SccLocalPath0 = .
		SccProvider0 = {4CA58AB2-18FA-4F8D-95D4-32DDF27D184C}
	EndGlobalSection
EndGlobal
